
Microsoft Visual Studio Solution File, Format Version 12.00
# Visual Studio Version 17
VisualStudioVersion = 17.4.33213.308
MinimumVisualStudioVersion = 10.0.40219.1
Project("{9A19103F-16F7-4668-BE54-9A1E7A4F7556}") = "VSoft.Company.AIO.Main.Api", "api\VSoft.Company.AIO.Main.Api\VSoft.Company.AIO.Main.Api.csproj", "{9AAAFF6A-44EA-41E3-A793-B9689B0E42D9}"
EndProject
Global
	GlobalSection(SolutionConfigurationPlatforms) = preSolution
		Debug|Any CPU = Debug|Any CPU
		Release|Any CPU = Release|Any CPU
	EndGlobalSection
	GlobalSection(ProjectConfigurationPlatforms) = postSolution
		{9AAAFF6A-44EA-41E3-A793-B9689B0E42D9}.Debug|Any CPU.ActiveCfg = Debug|Any CPU
		{9AAAFF6A-44EA-41E3-A793-B9689B0E42D9}.Debug|Any CPU.Build.0 = Debug|Any CPU
		{9AAAFF6A-44EA-41E3-A793-B9689B0E42D9}.Release|Any CPU.ActiveCfg = Release|Any CPU
		{9AAAFF6A-44EA-41E3-A793-B9689B0E42D9}.Release|Any CPU.Build.0 = Release|Any CPU
	EndGlobalSection
	GlobalSection(SolutionProperties) = preSolution
		HideSolutionNode = FALSE
	EndGlobalSection
	GlobalSection(ExtensibilityGlobals) = postSolution
		SolutionGuid = {08B687DF-FC35-4BD6-AF92-9EEEE7462374}
	EndGlobalSection
EndGlobal
